#MicroXplorer Configuration settings - do not modify
ADC.IPParameters=SamplingTime
ADC.SamplingTime=ADC_SAMPLETIME_41CYCLES_5
CAD.formats=
CAD.pinconfig=
CAD.provider=
FREERTOS.BinarySemaphores01=time_sem,Dynamic,NULL
FREERTOS.FootprintOK=true
FREERTOS.IPParameters=Tasks01,configUSE_NEWLIB_REENTRANT,BinarySemaphores01,configTOTAL_HEAP_SIZE,configMINIMAL_STACK_SIZE,FootprintOK
FREERTOS.Tasks01=defaultTask,0,128,StartDefaultTask,Default,NULL,Dynamic,NULL,NULL;consoleTask,-2,256,start_console_task,Default,NULL,Dynamic,NULL,NULL
FREERTOS.configMINIMAL_STACK_SIZE=64
FREERTOS.configTOTAL_HEAP_SIZE=2048
FREERTOS.configUSE_NEWLIB_REENTRANT=1
File.Version=6
GPIO.groupedBy=Group By Peripherals
KeepUserPlacement=false
Mcu.CPN=STM32F070F6P6
Mcu.Family=STM32F0
Mcu.IP0=ADC
Mcu.IP1=FREERTOS
Mcu.IP2=NVIC
Mcu.IP3=RCC
Mcu.IP4=SYS
Mcu.IP5=TIM1
Mcu.IP6=USART2
Mcu.IPNb=7
Mcu.Name=STM32F070F6Px
Mcu.Package=TSSOP20
Mcu.Pin0=PA0
Mcu.Pin1=PA1
Mcu.Pin2=PA2
Mcu.Pin3=PA3
Mcu.Pin4=PA4
Mcu.Pin5=PA7
Mcu.Pin6=VP_FREERTOS_VS_CMSIS_V1
Mcu.Pin7=VP_SYS_VS_Systick
Mcu.Pin8=VP_TIM1_VS_ClockSourceINT
Mcu.PinsNb=9
Mcu.ThirdPartyNb=0
Mcu.UserConstants=
Mcu.UserName=STM32F070F6Px
MxCube.Version=6.11.0
MxDb.Version=DB.6.0.110
NVIC.ForceEnableDMAVector=true
NVIC.HardFault_IRQn=true\:0\:0\:false\:false\:true\:false\:false\:false\:false
NVIC.NonMaskableInt_IRQn=true\:0\:0\:false\:false\:true\:false\:false\:false\:false
NVIC.PendSV_IRQn=true\:3\:0\:false\:false\:false\:true\:false\:false\:false
NVIC.SVC_IRQn=true\:0\:0\:false\:false\:false\:false\:false\:false\:true
NVIC.SavedPendsvIrqHandlerGenerated=true
NVIC.SavedSvcallIrqHandlerGenerated=true
NVIC.SavedSystickIrqHandlerGenerated=true
NVIC.SysTick_IRQn=true\:3\:0\:false\:false\:true\:true\:false\:true\:false
PA0.GPIOParameters=GPIO_Label
PA0.GPIO_Label=LED
PA0.Locked=true
PA0.Signal=GPIO_Output
PA1.GPIOParameters=PinState,GPIO_PuPd,GPIO_Label,GPIO_ModeDefaultOutputPP
PA1.GPIO_Label=RELAY_ON
PA1.GPIO_ModeDefaultOutputPP=GPIO_MODE_OUTPUT_PP
PA1.GPIO_PuPd=GPIO_NOPULL
PA1.Locked=true
PA1.PinState=GPIO_PIN_RESET
PA1.Signal=GPIO_Output
PA2.Locked=true
PA2.Mode=Asynchronous
PA2.Signal=USART2_TX
PA3.Locked=true
PA3.Mode=Asynchronous
PA3.Signal=USART2_RX
PA4.Mode=IN4
PA4.Signal=ADC_IN4
PA7.Mode=PWM Generation1 CH1N
PA7.Signal=TIM1_CH1N
PinOutPanel.RotationAngle=0
ProjectManager.AskForMigrate=true
ProjectManager.BackupPrevious=false
ProjectManager.CompilerOptimize=6
ProjectManager.ComputerToolchain=false
ProjectManager.CoupleFile=false
ProjectManager.CustomerFirmwarePackage=
ProjectManager.DefaultFWLocation=true
ProjectManager.DeletePrevious=true
ProjectManager.DeviceId=STM32F070F6Px
ProjectManager.FirmwarePackage=STM32Cube FW_F0 V1.11.4
ProjectManager.FreePins=false
ProjectManager.HalAssertFull=false
ProjectManager.HeapSize=0x200
ProjectManager.KeepUserCode=true
ProjectManager.LastFirmware=true
ProjectManager.LibraryCopy=1
ProjectManager.MainLocation=Core/Src
ProjectManager.NoMain=false
ProjectManager.PreviousToolchain=STM32CubeIDE
ProjectManager.ProjectBuild=false
ProjectManager.ProjectFileName=stm32_stuff.ioc
ProjectManager.ProjectName=stm32_stuff
ProjectManager.ProjectStructure=
ProjectManager.RegisterCallBack=
ProjectManager.StackSize=0x400
ProjectManager.TargetToolchain=STM32CubeIDE
ProjectManager.ToolChainLocation=
ProjectManager.UAScriptAfterPath=
ProjectManager.UAScriptBeforePath=
ProjectManager.UnderRoot=true
ProjectManager.functionlistsort=1-SystemClock_Config-RCC-false-HAL-false,2-MX_GPIO_Init-GPIO-false-HAL-true,3-MX_USART2_UART_Init-USART2-false-HAL-true,4-MX_TIM1_Init-TIM1-false-HAL-true
RCC.FamilyName=M
RCC.IPParameters=FamilyName,PLLCLKFreq_Value,TimSysFreq_Value,USBOutputFreqValue,VCOOutput2Freq_Value
RCC.PLLCLKFreq_Value=16000000
RCC.TimSysFreq_Value=8000000
RCC.USBOutputFreqValue=16000000
RCC.VCOOutput2Freq_Value=8000000
TIM1.AutoReloadPreload=TIM_AUTORELOAD_PRELOAD_ENABLE
TIM1.Channel-PWM\ Generation1\ CH1N=TIM_CHANNEL_1
TIM1.ClockDivision=TIM_CLOCKDIVISION_DIV1
TIM1.IPParameters=Channel-PWM Generation1 CH1N,Period,ClockDivision,Prescaler,AutoReloadPreload,Pulse-PWM Generation1 CH1N
TIM1.Period=10000
TIM1.Prescaler=0
TIM1.Pulse-PWM\ Generation1\ CH1N=5000
USART2.BaudRate=115200
USART2.IPParameters=VirtualMode-Asynchronous,BaudRate
USART2.VirtualMode-Asynchronous=VM_ASYNC
VP_FREERTOS_VS_CMSIS_V1.Mode=CMSIS_V1
VP_FREERTOS_VS_CMSIS_V1.Signal=FREERTOS_VS_CMSIS_V1
VP_SYS_VS_Systick.Mode=SysTick
VP_SYS_VS_Systick.Signal=SYS_VS_Systick
VP_TIM1_VS_ClockSourceINT.Mode=Internal
VP_TIM1_VS_ClockSourceINT.Signal=TIM1_VS_ClockSourceINT
board=custom
rtos.0.ip=FREERTOS
isbadioc=false
